
Microsoft Visual Studio Solution File, Format Version 12.00
# Visual Studio 14
VisualStudioVersion = 14.0.25123.0
MinimumVisualStudioVersion = 10.0.40219.1
Project("{FAE04EC0-301F-11D3-BF4B-00C04F79EFBC}") = "Battleship", "Battleship.csproj", "{D6BF5B3D-B7C6-45B5-A515-A50A3F5A6A9E}"
EndProject
Project("{FAE04EC0-301F-11D3-BF4B-00C04F79EFBC}") = "Battleship.Core", "..\Battleship.Core\Battleship.Core.csproj", "{17FA0708-01C4-4963-B910-339022B05964}"
EndProject
Project("{FAE04EC0-301F-11D3-BF4B-00C04F79EFBC}") = "Battleship.Test", "Battleship.Test\Battleship.Test.csproj", "{281C951B-D193-4566-86F0-BCB3EDBE8B51}"
EndProject
Global
	GlobalSection(SolutionConfigurationPlatforms) = preSolution
		Debug|Any CPU = Debug|Any CPU
		Release|Any CPU = Release|Any CPU
	EndGlobalSection
	GlobalSection(ProjectConfigurationPlatforms) = postSolution
		{D6BF5B3D-B7C6-45B5-A515-A50A3F5A6A9E}.Debug|Any CPU.ActiveCfg = Debug|Any CPU
		{D6BF5B3D-B7C6-45B5-A515-A50A3F5A6A9E}.Debug|Any CPU.Build.0 = Debug|Any CPU
		{D6BF5B3D-B7C6-45B5-A515-A50A3F5A6A9E}.Release|Any CPU.ActiveCfg = Release|Any CPU
		{D6BF5B3D-B7C6-45B5-A515-A50A3F5A6A9E}.Release|Any CPU.Build.0 = Release|Any CPU
		{17FA0708-01C4-4963-B910-339022B05964}.Debug|Any CPU.ActiveCfg = Debug|Any CPU
		{17FA0708-01C4-4963-B910-339022B05964}.Debug|Any CPU.Build.0 = Debug|Any CPU
		{17FA0708-01C4-4963-B910-339022B05964}.Release|Any CPU.ActiveCfg = Release|Any CPU
		{17FA0708-01C4-4963-B910-339022B05964}.Release|Any CPU.Build.0 = Release|Any CPU
		{281C951B-D193-4566-86F0-BCB3EDBE8B51}.Debug|Any CPU.ActiveCfg = Debug|Any CPU
		{281C951B-D193-4566-86F0-BCB3EDBE8B51}.Debug|Any CPU.Build.0 = Debug|Any CPU
		{281C951B-D193-4566-86F0-BCB3EDBE8B51}.Release|Any CPU.ActiveCfg = Release|Any CPU
		{281C951B-D193-4566-86F0-BCB3EDBE8B51}.Release|Any CPU.Build.0 = Release|Any CPU
	EndGlobalSection
	GlobalSection(SolutionProperties) = preSolution
		HideSolutionNode = FALSE
	EndGlobalSection
EndGlobal
